
Microsoft Visual Studio Solution File, Format Version 12.00
# Visual Studio 15
VisualStudioVersion = 15.0.27703.2042
MinimumVisualStudioVersion = 10.0.40219.1
Project("{FAE04EC0-301F-11D3-BF4B-00C04F79EFBC}") = "Ch6-P2-Employees", "Ch6-P2-Employees\Ch6-P2-Employees.csproj", "{1A95A3D2-FD89-46FA-98F4-5E201A2C26DC}"
EndProject
Global
	GlobalSection(SolutionConfigurationPlatforms) = preSolution
		Debug|Any CPU = Debug|Any CPU
		Release|Any CPU = Release|Any CPU
	EndGlobalSection
	GlobalSection(ProjectConfigurationPlatforms) = postSolution
		{1A95A3D2-FD89-46FA-98F4-5E201A2C26DC}.Debug|Any CPU.ActiveCfg = Debug|Any CPU
		{1A95A3D2-FD89-46FA-98F4-5E201A2C26DC}.Debug|Any CPU.Build.0 = Debug|Any CPU
		{1A95A3D2-FD89-46FA-98F4-5E201A2C26DC}.Release|Any CPU.ActiveCfg = Release|Any CPU
		{1A95A3D2-FD89-46FA-98F4-5E201A2C26DC}.Release|Any CPU.Build.0 = Release|Any CPU
	EndGlobalSection
	GlobalSection(SolutionProperties) = preSolution
		HideSolutionNode = FALSE
	EndGlobalSection
	GlobalSection(ExtensibilityGlobals) = postSolution
		SolutionGuid = {7489DB7A-0D26-4C70-8616-CC7C4374FF78}
	EndGlobalSection
EndGlobal
